
Microsoft Visual Studio Solution File, Format Version 12.00
# Visual Studio Version 16
VisualStudioVersion = 16.0.29920.165
MinimumVisualStudioVersion = 10.0.40219.1
Project("{9A19103F-16F7-4668-BE54-9A1E7A4F7556}") = "AtApi", "AtApi\AtApi.csproj", "{37BC6449-0921-49E4-B401-466924C52E89}"
EndProject
Project("{9A19103F-16F7-4668-BE54-9A1E7A4F7556}") = "AtApi.Model", "AtApi.Model\AtApi.Model.csproj", "{9F1720B8-B321-4B31-B67F-7091B07866EF}"
EndProject
Project("{2150E333-8FDC-42A3-9474-1A3956D46DE8}") = "Solution Items", "Solution Items", "{1940F20C-B9B9-4B64-833C-7A75D677F80F}"
	ProjectSection(SolutionItems) = preProject
		..\.gitignore = ..\.gitignore
		Dockerfile = Dockerfile
		..\.github\workflows\dotnetcore.yml = ..\.github\workflows\dotnetcore.yml
	EndProjectSection
EndProject
Project("{9A19103F-16F7-4668-BE54-9A1E7A4F7556}") = "AtApi.UnitTests", "AtApi.UnitTests\AtApi.UnitTests.csproj", "{E261A5FD-DDAE-433F-B78A-73A6185E1098}"
EndProject
Project("{9A19103F-16F7-4668-BE54-9A1E7A4F7556}") = "AtApi.Service", "AtApi.Service\AtApi.Service.csproj", "{63F7D3E2-BC29-497C-86DA-7AEBF3ABB28A}"
EndProject
Global
	GlobalSection(SolutionConfigurationPlatforms) = preSolution
		Debug|Any CPU = Debug|Any CPU
		Release|Any CPU = Release|Any CPU
	EndGlobalSection
	GlobalSection(ProjectConfigurationPlatforms) = postSolution
		{37BC6449-0921-49E4-B401-466924C52E89}.Debug|Any CPU.ActiveCfg = Debug|Any CPU
		{37BC6449-0921-49E4-B401-466924C52E89}.Debug|Any CPU.Build.0 = Debug|Any CPU
		{37BC6449-0921-49E4-B401-466924C52E89}.Release|Any CPU.ActiveCfg = Release|Any CPU
		{37BC6449-0921-49E4-B401-466924C52E89}.Release|Any CPU.Build.0 = Release|Any CPU
		{9F1720B8-B321-4B31-B67F-7091B07866EF}.Debug|Any CPU.ActiveCfg = Debug|Any CPU
		{9F1720B8-B321-4B31-B67F-7091B07866EF}.Debug|Any CPU.Build.0 = Debug|Any CPU
		{9F1720B8-B321-4B31-B67F-7091B07866EF}.Release|Any CPU.ActiveCfg = Release|Any CPU
		{9F1720B8-B321-4B31-B67F-7091B07866EF}.Release|Any CPU.Build.0 = Release|Any CPU
		{E261A5FD-DDAE-433F-B78A-73A6185E1098}.Debug|Any CPU.ActiveCfg = Debug|Any CPU
		{E261A5FD-DDAE-433F-B78A-73A6185E1098}.Debug|Any CPU.Build.0 = Debug|Any CPU
		{E261A5FD-DDAE-433F-B78A-73A6185E1098}.Release|Any CPU.ActiveCfg = Release|Any CPU
		{E261A5FD-DDAE-433F-B78A-73A6185E1098}.Release|Any CPU.Build.0 = Release|Any CPU
		{63F7D3E2-BC29-497C-86DA-7AEBF3ABB28A}.Debug|Any CPU.ActiveCfg = Debug|Any CPU
		{63F7D3E2-BC29-497C-86DA-7AEBF3ABB28A}.Debug|Any CPU.Build.0 = Debug|Any CPU
		{63F7D3E2-BC29-497C-86DA-7AEBF3ABB28A}.Release|Any CPU.ActiveCfg = Release|Any CPU
		{63F7D3E2-BC29-497C-86DA-7AEBF3ABB28A}.Release|Any CPU.Build.0 = Release|Any CPU
	EndGlobalSection
	GlobalSection(SolutionProperties) = preSolution
		HideSolutionNode = FALSE
	EndGlobalSection
	GlobalSection(ExtensibilityGlobals) = postSolution
		SolutionGuid = {0909AC68-CF60-47CC-886E-6BF5F906EC59}
	EndGlobalSection
EndGlobal
